
Microsoft Visual Studio Solution File, Format Version 12.00
# Visual Studio Version 17
VisualStudioVersion = 17.9.34728.123
MinimumVisualStudioVersion = 10.0.40219.1
Project("{FAE04EC0-301F-11D3-BF4B-00C04F79EFBC}") = "Identity", "Identity\Identity.csproj", "{9A3AE4A9-2721-4034-AD82-06F5F4AD6BC5}"
EndProject
Global
	GlobalSection(SolutionConfigurationPlatforms) = preSolution
		Debug|Any CPU = Debug|Any CPU
		Release|Any CPU = Release|Any CPU
	EndGlobalSection
	GlobalSection(ProjectConfigurationPlatforms) = postSolution
		{9A3AE4A9-2721-4034-AD82-06F5F4AD6BC5}.Debug|Any CPU.ActiveCfg = Debug|Any CPU
		{9A3AE4A9-2721-4034-AD82-06F5F4AD6BC5}.Debug|Any CPU.Build.0 = Debug|Any CPU
		{9A3AE4A9-2721-4034-AD82-06F5F4AD6BC5}.Release|Any CPU.ActiveCfg = Release|Any CPU
		{9A3AE4A9-2721-4034-AD82-06F5F4AD6BC5}.Release|Any CPU.Build.0 = Release|Any CPU
	EndGlobalSection
	GlobalSection(SolutionProperties) = preSolution
		HideSolutionNode = FALSE
	EndGlobalSection
	GlobalSection(ExtensibilityGlobals) = postSolution
		SolutionGuid = {8ACFA1B4-F3B6-401D-921C-BC5E536827BA}
	EndGlobalSection
EndGlobal
